{
  "name": "lipsum-i18n",
  "version": "0.0.1",
  "lockfileVersion": 2,
  "requires": true,
  "packages": {
    "": {
      "name": "lipsum-i18n",
      "version": "0.0.1",
      "license": "MIT",
      "dependencies": {
        "lipsum-i18n": "^0.0.1"
      }
    },
    "node_modules/lipsum-i18n": {
      "version": "0.0.1",
      "resolved": "https://registry.nlark.com/lipsum-i18n/download/lipsum-i18n-0.0.1.tgz",
      "integrity": "sha1-iuej1ARepdtHIWYj1Aih0s9twng="
    }
  },
  "dependencies": {
    "lipsum-i18n": {
      "version": "0.0.1",
      "resolved": "https://registry.nlark.com/lipsum-i18n/download/lipsum-i18n-0.0.1.tgz",
      "integrity": "sha1-iuej1ARepdtHIWYj1Aih0s9twng="
    }
  }
}
